
Microsoft Visual Studio Solution File, Format Version 12.00
# Visual Studio 2012
Project("{E24C65DC-7377-472B-9ABA-BC803B73C61A}") = "backbone-tutorial", "..\backbone-tutorial", "{681BAD39-18DC-4114-B3F9-2F86B8DE7168}"
	ProjectSection(WebsiteProperties) = preProject
		TargetFrameworkMoniker = ".NETFramework,Version%3Dv4.0"
		Debug.AspNetCompiler.VirtualPath = "/backbone-tutorial"
		Debug.AspNetCompiler.PhysicalPath = "D:\git\BackbonePlayground\backbone-tutorial\"
		Debug.AspNetCompiler.TargetPath = "PrecompiledWeb\backbone-tutorial\"
		Debug.AspNetCompiler.Updateable = "true"
		Debug.AspNetCompiler.ForceOverwrite = "true"
		Debug.AspNetCompiler.FixedNames = "false"
		Debug.AspNetCompiler.Debug = "True"
		Release.AspNetCompiler.VirtualPath = "/backbone-tutorial"
		Release.AspNetCompiler.PhysicalPath = "D:\git\BackbonePlayground\backbone-tutorial\"
		Release.AspNetCompiler.TargetPath = "PrecompiledWeb\backbone-tutorial\"
		Release.AspNetCompiler.Updateable = "true"
		Release.AspNetCompiler.ForceOverwrite = "true"
		Release.AspNetCompiler.FixedNames = "false"
		Release.AspNetCompiler.Debug = "False"
		VWDPort = "58706"
	EndProjectSection
EndProject
Global
	GlobalSection(SolutionConfigurationPlatforms) = preSolution
		Debug|Any CPU = Debug|Any CPU
	EndGlobalSection
	GlobalSection(ProjectConfigurationPlatforms) = postSolution
		{681BAD39-18DC-4114-B3F9-2F86B8DE7168}.Debug|Any CPU.ActiveCfg = Debug|Any CPU
		{681BAD39-18DC-4114-B3F9-2F86B8DE7168}.Debug|Any CPU.Build.0 = Debug|Any CPU
	EndGlobalSection
	GlobalSection(SolutionProperties) = preSolution
		HideSolutionNode = FALSE
	EndGlobalSection
EndGlobal
